
Microsoft Visual Studio Solution File, Format Version 12.00
# Visual Studio Version 16
VisualStudioVersion = 16.0.28803.352
MinimumVisualStudioVersion = 10.0.40219.1
Project("{FAE04EC0-301F-11D3-BF4B-00C04F79EFBC}") = "RMDataManager", "RMDataManager\RMDataManager.csproj", "{233379C0-69E0-4EE1-8517-17485A4B6E86}"
EndProject
Project("{00D1A9C2-B5F0-4AF3-8072-F6C62B433612}") = "RMData", "RMData\RMData.sqlproj", "{56185474-17C1-4503-883C-F498AABC2FB6}"
EndProject
Global
	GlobalSection(SolutionConfigurationPlatforms) = preSolution
		Debug|Any CPU = Debug|Any CPU
		Release|Any CPU = Release|Any CPU
	EndGlobalSection
	GlobalSection(ProjectConfigurationPlatforms) = postSolution
		{233379C0-69E0-4EE1-8517-17485A4B6E86}.Debug|Any CPU.ActiveCfg = Debug|Any CPU
		{233379C0-69E0-4EE1-8517-17485A4B6E86}.Debug|Any CPU.Build.0 = Debug|Any CPU
		{233379C0-69E0-4EE1-8517-17485A4B6E86}.Release|Any CPU.ActiveCfg = Release|Any CPU
		{233379C0-69E0-4EE1-8517-17485A4B6E86}.Release|Any CPU.Build.0 = Release|Any CPU
		{56185474-17C1-4503-883C-F498AABC2FB6}.Debug|Any CPU.ActiveCfg = Debug|Any CPU
		{56185474-17C1-4503-883C-F498AABC2FB6}.Debug|Any CPU.Build.0 = Debug|Any CPU
		{56185474-17C1-4503-883C-F498AABC2FB6}.Debug|Any CPU.Deploy.0 = Debug|Any CPU
		{56185474-17C1-4503-883C-F498AABC2FB6}.Release|Any CPU.ActiveCfg = Release|Any CPU
		{56185474-17C1-4503-883C-F498AABC2FB6}.Release|Any CPU.Build.0 = Release|Any CPU
		{56185474-17C1-4503-883C-F498AABC2FB6}.Release|Any CPU.Deploy.0 = Release|Any CPU
	EndGlobalSection
	GlobalSection(SolutionProperties) = preSolution
		HideSolutionNode = FALSE
	EndGlobalSection
	GlobalSection(ExtensibilityGlobals) = postSolution
		SolutionGuid = {6F5328F1-34EC-4A52-ADD7-7074E4574989}
	EndGlobalSection
EndGlobal
